// !$*UTF8*$!
{
	archiveVersion = 1;
	classes = {
	};
	objectVersion = 56;
	objects = {

/* Begin PBXBuildFile section */
		F40CA0C22C68BDF5007AC0F8 /* SwifUI_UIKit_SwiftUIApp.swift in Sources */ = {isa = PBXBuildFile; fileRef = F40CA0C12C68BDF5007AC0F8 /* SwifUI_UIKit_SwiftUIApp.swift */; };
		F40CA0C62C68BDF7007AC0F8 /* Assets.xcassets in Resources */ = {isa = PBXBuildFile; fileRef = F40CA0C52C68BDF7007AC0F8 /* Assets.xcassets */; };
		F40CA0C92C68BDF7007AC0F8 /* Preview Assets.xcassets in Resources */ = {isa = PBXBuildFile; fileRef = F40CA0C82C68BDF7007AC0F8 /* Preview Assets.xcassets */; };
		F40CA0D82C68BF76007AC0F8 /* NetworkManager.swift in Sources */ = {isa = PBXBuildFile; fileRef = F40CA0CF2C68BF76007AC0F8 /* NetworkManager.swift */; };
		F40CA0D92C68BF76007AC0F8 /* ContentView.swift in Sources */ = {isa = PBXBuildFile; fileRef = F40CA0D12C68BF76007AC0F8 /* ContentView.swift */; };
		F40CA0DA2C68BF76007AC0F8 /* CoinDataModel.swift in Sources */ = {isa = PBXBuildFile; fileRef = F40CA0D32C68BF76007AC0F8 /* CoinDataModel.swift */; };
		F40CA0DB2C68BF76007AC0F8 /* CoinModel.swift in Sources */ = {isa = PBXBuildFile; fileRef = F40CA0D42C68BF76007AC0F8 /* CoinModel.swift */; };
		F40CA0DC2C68BF76007AC0F8 /* CoinViewModel.swift in Sources */ = {isa = PBXBuildFile; fileRef = F40CA0D62C68BF76007AC0F8 /* CoinViewModel.swift */; };
		F40CA0DE2C68C2DD007AC0F8 /* CoinDetailStoryboard.storyboard in Resources */ = {isa = PBXBuildFile; fileRef = F40CA0DD2C68C2DD007AC0F8 /* CoinDetailStoryboard.storyboard */; };
		F40CA0E02C68CC23007AC0F8 /* CoinDetailViewController.swift in Sources */ = {isa = PBXBuildFile; fileRef = F40CA0DF2C68CC23007AC0F8 /* CoinDetailViewController.swift */; };
		F40CA0E22C68CD9A007AC0F8 /* CoinDetailViewModel.swift in Sources */ = {isa = PBXBuildFile; fileRef = F40CA0E12C68CD9A007AC0F8 /* CoinDetailViewModel.swift */; };
		F40CA0E42C6A012C007AC0F8 /* CoinDetailView.swift in Sources */ = {isa = PBXBuildFile; fileRef = F40CA0E32C6A012C007AC0F8 /* CoinDetailView.swift */; };
/* End PBXBuildFile section */

/* Begin PBXFileReference section */
		F40CA0BE2C68BDF5007AC0F8 /* SwifUI-UIKit-SwiftUI.app */ = {isa = PBXFileReference; explicitFileType = wrapper.application; includeInIndex = 0; path = "SwifUI-UIKit-SwiftUI.app"; sourceTree = BUILT_PRODUCTS_DIR; };
		F40CA0C12C68BDF5007AC0F8 /* SwifUI_UIKit_SwiftUIApp.swift */ = {isa = PBXFileReference; lastKnownFileType = sourcecode.swift; path = SwifUI_UIKit_SwiftUIApp.swift; sourceTree = "<group>"; };
		F40CA0C52C68BDF7007AC0F8 /* Assets.xcassets */ = {isa = PBXFileReference; lastKnownFileType = folder.assetcatalog; path = Assets.xcassets; sourceTree = "<group>"; };
		F40CA0C82C68BDF7007AC0F8 /* Preview Assets.xcassets */ = {isa = PBXFileReference; lastKnownFileType = folder.assetcatalog; path = "Preview Assets.xcassets"; sourceTree = "<group>"; };
		F40CA0CF2C68BF76007AC0F8 /* NetworkManager.swift */ = {isa = PBXFileReference; fileEncoding = 4; lastKnownFileType = sourcecode.swift; path = NetworkManager.swift; sourceTree = "<group>"; };
		F40CA0D12C68BF76007AC0F8 /* ContentView.swift */ = {isa = PBXFileReference; fileEncoding = 4; lastKnownFileType = sourcecode.swift; path = ContentView.swift; sourceTree = "<group>"; };
		F40CA0D32C68BF76007AC0F8 /* CoinDataModel.swift */ = {isa = PBXFileReference; fileEncoding = 4; lastKnownFileType = sourcecode.swift; path = CoinDataModel.swift; sourceTree = "<group>"; };
		F40CA0D42C68BF76007AC0F8 /* CoinModel.swift */ = {isa = PBXFileReference; fileEncoding = 4; lastKnownFileType = sourcecode.swift; path = CoinModel.swift; sourceTree = "<group>"; };
		F40CA0D62C68BF76007AC0F8 /* CoinViewModel.swift */ = {isa = PBXFileReference; fileEncoding = 4; lastKnownFileType = sourcecode.swift; path = CoinViewModel.swift; sourceTree = "<group>"; };
		F40CA0DD2C68C2DD007AC0F8 /* CoinDetailStoryboard.storyboard */ = {isa = PBXFileReference; lastKnownFileType = file.storyboard; path = CoinDetailStoryboard.storyboard; sourceTree = "<group>"; };
		F40CA0DF2C68CC23007AC0F8 /* CoinDetailViewController.swift */ = {isa = PBXFileReference; lastKnownFileType = sourcecode.swift; path = CoinDetailViewController.swift; sourceTree = "<group>"; };
		F40CA0E12C68CD9A007AC0F8 /* CoinDetailViewModel.swift */ = {isa = PBXFileReference; lastKnownFileType = sourcecode.swift; path = CoinDetailViewModel.swift; sourceTree = "<group>"; };
		F40CA0E32C6A012C007AC0F8 /* CoinDetailView.swift */ = {isa = PBXFileReference; lastKnownFileType = sourcecode.swift; path = CoinDetailView.swift; sourceTree = "<group>"; };
/* End PBXFileReference section */

/* Begin PBXFrameworksBuildPhase section */
		F40CA0BB2C68BDF5007AC0F8 /* Frameworks */ = {
			isa = PBXFrameworksBuildPhase;
			buildActionMask = 2147483647;
			files = (
			);
			runOnlyForDeploymentPostprocessing = 0;
		};
/* End PBXFrameworksBuildPhase section */

/* Begin PBXGroup section */
		F40CA0B52C68BDF5007AC0F8 = {
			isa = PBXGroup;
			children = (
				F40CA0C02C68BDF5007AC0F8 /* SwifUI-UIKit-SwiftUI */,
				F40CA0BF2C68BDF5007AC0F8 /* Products */,
			);
			sourceTree = "<group>";
		};
		F40CA0BF2C68BDF5007AC0F8 /* Products */ = {
			isa = PBXGroup;
			children = (
				F40CA0BE2C68BDF5007AC0F8 /* SwifUI-UIKit-SwiftUI.app */,
			);
			name = Products;
			sourceTree = "<group>";
		};
		F40CA0C02C68BDF5007AC0F8 /* SwifUI-UIKit-SwiftUI */ = {
			isa = PBXGroup;
			children = (
				F40CA0D52C68BF76007AC0F8 /* Model */,
				F40CA0D02C68BF76007AC0F8 /* NetworkManager */,
				F40CA0D22C68BF76007AC0F8 /* View */,
				F40CA0D72C68BF76007AC0F8 /* ViewModel */,
				F40CA0C12C68BDF5007AC0F8 /* SwifUI_UIKit_SwiftUIApp.swift */,
				F40CA0C52C68BDF7007AC0F8 /* Assets.xcassets */,
				F40CA0C72C68BDF7007AC0F8 /* Preview Content */,
			);
			path = "SwifUI-UIKit-SwiftUI";
			sourceTree = "<group>";
		};
		F40CA0C72C68BDF7007AC0F8 /* Preview Content */ = {
			isa = PBXGroup;
			children = (
				F40CA0C82C68BDF7007AC0F8 /* Preview Assets.xcassets */,
			);
			path = "Preview Content";
			sourceTree = "<group>";
		};
		F40CA0D02C68BF76007AC0F8 /* NetworkManager */ = {
			isa = PBXGroup;
			children = (
				F40CA0CF2C68BF76007AC0F8 /* NetworkManager.swift */,
			);
			path = NetworkManager;
			sourceTree = "<group>";
		};
		F40CA0D22C68BF76007AC0F8 /* View */ = {
			isa = PBXGroup;
			children = (
				F40CA0DD2C68C2DD007AC0F8 /* CoinDetailStoryboard.storyboard */,
				F40CA0D12C68BF76007AC0F8 /* ContentView.swift */,
				F40CA0E32C6A012C007AC0F8 /* CoinDetailView.swift */,
				F40CA0DF2C68CC23007AC0F8 /* CoinDetailViewController.swift */,
			);
			path = View;
			sourceTree = "<group>";
		};
		F40CA0D52C68BF76007AC0F8 /* Model */ = {
			isa = PBXGroup;
			children = (
				F40CA0D32C68BF76007AC0F8 /* CoinDataModel.swift */,
				F40CA0D42C68BF76007AC0F8 /* CoinModel.swift */,
			);
			path = Model;
			sourceTree = "<group>";
		};
		F40CA0D72C68BF76007AC0F8 /* ViewModel */ = {
			isa = PBXGroup;
			children = (
				F40CA0D62C68BF76007AC0F8 /* CoinViewModel.swift */,
				F40CA0E12C68CD9A007AC0F8 /* CoinDetailViewModel.swift */,
			);
			path = ViewModel;
			sourceTree = "<group>";
		};
/* End PBXGroup section */

/* Begin PBXNativeTarget section */
		F40CA0BD2C68BDF5007AC0F8 /* SwifUI-UIKit-SwiftUI */ = {
			isa = PBXNativeTarget;
			buildConfigurationList = F40CA0CC2C68BDF7007AC0F8 /* Build configuration list for PBXNativeTarget "SwifUI-UIKit-SwiftUI" */;
			buildPhases = (
				F40CA0BA2C68BDF5007AC0F8 /* Sources */,
				F40CA0BB2C68BDF5007AC0F8 /* Frameworks */,
				F40CA0BC2C68BDF5007AC0F8 /* Resources */,
			);
			buildRules = (
			);
			dependencies = (
			);
			name = "SwifUI-UIKit-SwiftUI";
			productName = "SwifUI-UIKit-SwiftUI";
			productReference = F40CA0BE2C68BDF5007AC0F8 /* SwifUI-UIKit-SwiftUI.app */;
			productType = "com.apple.product-type.application";
		};
/* End PBXNativeTarget section */

/* Begin PBXProject section */
		F40CA0B62C68BDF5007AC0F8 /* Project object */ = {
			isa = PBXProject;
			attributes = {
				BuildIndependentTargetsInParallel = 1;
				LastSwiftUpdateCheck = 1540;
				LastUpgradeCheck = 1540;
				TargetAttributes = {
					F40CA0BD2C68BDF5007AC0F8 = {
						CreatedOnToolsVersion = 15.4;
					};
				};
			};
			buildConfigurationList = F40CA0B92C68BDF5007AC0F8 /* Build configuration list for PBXProject "SwifUI-UIKit-SwiftUI" */;
			compatibilityVersion = "Xcode 14.0";
			developmentRegion = en;
			hasScannedForEncodings = 0;
			knownRegions = (
				en,
				Base,
			);
			mainGroup = F40CA0B52C68BDF5007AC0F8;
			productRefGroup = F40CA0BF2C68BDF5007AC0F8 /* Products */;
			projectDirPath = "";
			projectRoot = "";
			targets = (
				F40CA0BD2C68BDF5007AC0F8 /* SwifUI-UIKit-SwiftUI */,
			);
		};
/* End PBXProject section */

/* Begin PBXResourcesBuildPhase section */
		F40CA0BC2C68BDF5007AC0F8 /* Resources */ = {
			isa = PBXResourcesBuildPhase;
			buildActionMask = 2147483647;
			files = (
				F40CA0C92C68BDF7007AC0F8 /* Preview Assets.xcassets in Resources */,
				F40CA0DE2C68C2DD007AC0F8 /* CoinDetailStoryboard.storyboard in Resources */,
				F40CA0C62C68BDF7007AC0F8 /* Assets.xcassets in Resources */,
			);
			runOnlyForDeploymentPostprocessing = 0;
		};
/* End PBXResourcesBuildPhase section */

/* Begin PBXSourcesBuildPhase section */
		F40CA0BA2C68BDF5007AC0F8 /* Sources */ = {
			isa = PBXSourcesBuildPhase;
			buildActionMask = 2147483647;
			files = (
				F40CA0D82C68BF76007AC0F8 /* NetworkManager.swift in Sources */,
				F40CA0DC2C68BF76007AC0F8 /* CoinViewModel.swift in Sources */,
				F40CA0D92C68BF76007AC0F8 /* ContentView.swift in Sources */,
				F40CA0C22C68BDF5007AC0F8 /* SwifUI_UIKit_SwiftUIApp.swift in Sources */,
				F40CA0E22C68CD9A007AC0F8 /* CoinDetailViewModel.swift in Sources */,
				F40CA0E42C6A012C007AC0F8 /* CoinDetailView.swift in Sources */,
				F40CA0DB2C68BF76007AC0F8 /* CoinModel.swift in Sources */,
				F40CA0DA2C68BF76007AC0F8 /* CoinDataModel.swift in Sources */,
				F40CA0E02C68CC23007AC0F8 /* CoinDetailViewController.swift in Sources */,
			);
			runOnlyForDeploymentPostprocessing = 0;
		};
/* End PBXSourcesBuildPhase section */

/* Begin XCBuildConfiguration section */
		F40CA0CA2C68BDF7007AC0F8 /* Debug */ = {
			isa = XCBuildConfiguration;
			buildSettings = {
				ALWAYS_SEARCH_USER_PATHS = NO;
				ASSETCATALOG_COMPILER_GENERATE_SWIFT_ASSET_SYMBOL_EXTENSIONS = YES;
				CLANG_ANALYZER_NONNULL = YES;
				CLANG_ANALYZER_NUMBER_OBJECT_CONVERSION = YES_AGGRESSIVE;
				CLANG_CXX_LANGUAGE_STANDARD = "gnu++20";
				CLANG_ENABLE_MODULES = YES;
				CLANG_ENABLE_OBJC_ARC = YES;
				CLANG_ENABLE_OBJC_WEAK = YES;
				CLANG_WARN_BLOCK_CAPTURE_AUTORELEASING = YES;
				CLANG_WARN_BOOL_CONVERSION = YES;
				CLANG_WARN_COMMA = YES;
				CLANG_WARN_CONSTANT_CONVERSION = YES;
				CLANG_WARN_DEPRECATED_OBJC_IMPLEMENTATIONS = YES;
				CLANG_WARN_DIRECT_OBJC_ISA_USAGE = YES_ERROR;
				CLANG_WARN_DOCUMENTATION_COMMENTS = YES;
				CLANG_WARN_EMPTY_BODY = YES;
				CLANG_WARN_ENUM_CONVERSION = YES;
				CLANG_WARN_INFINITE_RECURSION = YES;
				CLANG_WARN_INT_CONVERSION = YES;
				CLANG_WARN_NON_LITERAL_NULL_CONVERSION = YES;
				CLANG_WARN_OBJC_IMPLICIT_RETAIN_SELF = YES;
				CLANG_WARN_OBJC_LITERAL_CONVERSION = YES;
				CLANG_WARN_OBJC_ROOT_CLASS = YES_ERROR;
				CLANG_WARN_QUOTED_INCLUDE_IN_FRAMEWORK_HEADER = YES;
				CLANG_WARN_RANGE_LOOP_ANALYSIS = YES;
				CLANG_WARN_STRICT_PROTOTYPES = YES;
				CLANG_WARN_SUSPICIOUS_MOVE = YES;
				CLANG_WARN_UNGUARDED_AVAILABILITY = YES_AGGRESSIVE;
				CLANG_WARN_UNREACHABLE_CODE = YES;
				CLANG_WARN__DUPLICATE_METHOD_MATCH = YES;
				COPY_PHASE_STRIP = NO;
				DEBUG_INFORMATION_FORMAT = dwarf;
				ENABLE_STRICT_OBJC_MSGSEND = YES;
				ENABLE_TESTABILITY = YES;
				ENABLE_USER_SCRIPT_SANDBOXING = YES;
				GCC_C_LANGUAGE_STANDARD = gnu17;
				GCC_DYNAMIC_NO_PIC = NO;
				GCC_NO_COMMON_BLOCKS = YES;
				GCC_OPTIMIZATION_LEVEL = 0;
				GCC_PREPROCESSOR_DEFINITIONS = (
					"DEBUG=1",
					"$(inherited)",
				);
				GCC_WARN_64_TO_32_BIT_CONVERSION = YES;
				GCC_WARN_ABOUT_RETURN_TYPE = YES_ERROR;
				GCC_WARN_UNDECLARED_SELECTOR = YES;
				GCC_WARN_UNINITIALIZED_AUTOS = YES_AGGRESSIVE;
				GCC_WARN_UNUSED_FUNCTION = YES;
				GCC_WARN_UNUSED_VARIABLE = YES;
				IPHONEOS_DEPLOYMENT_TARGET = 17.5;
				LOCALIZATION_PREFERS_STRING_CATALOGS = YES;
				MTL_ENABLE_DEBUG_INFO = INCLUDE_SOURCE;
				MTL_FAST_MATH = YES;
				ONLY_ACTIVE_ARCH = YES;
				SDKROOT = iphoneos;
				SWIFT_ACTIVE_COMPILATION_CONDITIONS = "DEBUG $(inherited)";
				SWIFT_OPTIMIZATION_LEVEL = "-Onone";
			};
			name = Debug;
		};
		F40CA0CB2C68BDF7007AC0F8 /* Release */ = {
			isa = XCBuildConfiguration;
			buildSettings = {
				ALWAYS_SEARCH_USER_PATHS = NO;
				ASSETCATALOG_COMPILER_GENERATE_SWIFT_ASSET_SYMBOL_EXTENSIONS = YES;
				CLANG_ANALYZER_NONNULL = YES;
				CLANG_ANALYZER_NUMBER_OBJECT_CONVERSION = YES_AGGRESSIVE;
				CLANG_CXX_LANGUAGE_STANDARD = "gnu++20";
				CLANG_ENABLE_MODULES = YES;
				CLANG_ENABLE_OBJC_ARC = YES;
				CLANG_ENABLE_OBJC_WEAK = YES;
				CLANG_WARN_BLOCK_CAPTURE_AUTORELEASING = YES;
				CLANG_WARN_BOOL_CONVERSION = YES;
				CLANG_WARN_COMMA = YES;
				CLANG_WARN_CONSTANT_CONVERSION = YES;
				CLANG_WARN_DEPRECATED_OBJC_IMPLEMENTATIONS = YES;
				CLANG_WARN_DIRECT_OBJC_ISA_USAGE = YES_ERROR;
				CLANG_WARN_DOCUMENTATION_COMMENTS = YES;
				CLANG_WARN_EMPTY_BODY = YES;
				CLANG_WARN_ENUM_CONVERSION = YES;
				CLANG_WARN_INFINITE_RECURSION = YES;
				CLANG_WARN_INT_CONVERSION = YES;
				CLANG_WARN_NON_LITERAL_NULL_CONVERSION = YES;
				CLANG_WARN_OBJC_IMPLICIT_RETAIN_SELF = YES;
				CLANG_WARN_OBJC_LITERAL_CONVERSION = YES;
				CLANG_WARN_OBJC_ROOT_CLASS = YES_ERROR;
				CLANG_WARN_QUOTED_INCLUDE_IN_FRAMEWORK_HEADER = YES;
				CLANG_WARN_RANGE_LOOP_ANALYSIS = YES;
				CLANG_WARN_STRICT_PROTOTYPES = YES;
				CLANG_WARN_SUSPICIOUS_MOVE = YES;
				CLANG_WARN_UNGUARDED_AVAILABILITY = YES_AGGRESSIVE;
				CLANG_WARN_UNREACHABLE_CODE = YES;
				CLANG_WARN__DUPLICATE_METHOD_MATCH = YES;
				COPY_PHASE_STRIP = NO;
				DEBUG_INFORMATION_FORMAT = "dwarf-with-dsym";
				ENABLE_NS_ASSERTIONS = NO;
				ENABLE_STRICT_OBJC_MSGSEND = YES;
				ENABLE_USER_SCRIPT_SANDBOXING = YES;
				GCC_C_LANGUAGE_STANDARD = gnu17;
				GCC_NO_COMMON_BLOCKS = YES;
				GCC_WARN_64_TO_32_BIT_CONVERSION = YES;
				GCC_WARN_ABOUT_RETURN_TYPE = YES_ERROR;
				GCC_WARN_UNDECLARED_SELECTOR = YES;
				GCC_WARN_UNINITIALIZED_AUTOS = YES_AGGRESSIVE;
				GCC_WARN_UNUSED_FUNCTION = YES;
				GCC_WARN_UNUSED_VARIABLE = YES;
				IPHONEOS_DEPLOYMENT_TARGET = 17.5;
				LOCALIZATION_PREFERS_STRING_CATALOGS = YES;
				MTL_ENABLE_DEBUG_INFO = NO;
				MTL_FAST_MATH = YES;
				SDKROOT = iphoneos;
				SWIFT_COMPILATION_MODE = wholemodule;
				VALIDATE_PRODUCT = YES;
			};
			name = Release;
		};
		F40CA0CD2C68BDF7007AC0F8 /* Debug */ = {
			isa = XCBuildConfiguration;
			buildSettings = {
				ASSETCATALOG_COMPILER_APPICON_NAME = AppIcon;
				ASSETCATALOG_COMPILER_GLOBAL_ACCENT_COLOR_NAME = AccentColor;
				CODE_SIGN_STYLE = Automatic;
				CURRENT_PROJECT_VERSION = 1;
				DEVELOPMENT_ASSET_PATHS = "\"SwifUI-UIKit-SwiftUI/Preview Content\"";
				DEVELOPMENT_TEAM = JQLQ3HJM6D;
				ENABLE_PREVIEWS = YES;
				GENERATE_INFOPLIST_FILE = YES;
				INFOPLIST_KEY_UIApplicationSceneManifest_Generation = YES;
				INFOPLIST_KEY_UIApplicationSupportsIndirectInputEvents = YES;
				INFOPLIST_KEY_UILaunchScreen_Generation = YES;
				INFOPLIST_KEY_UISupportedInterfaceOrientations_iPad = "UIInterfaceOrientationPortrait UIInterfaceOrientationPortraitUpsideDown UIInterfaceOrientationLandscapeLeft UIInterfaceOrientationLandscapeRight";
				INFOPLIST_KEY_UISupportedInterfaceOrientations_iPhone = "UIInterfaceOrientationPortrait UIInterfaceOrientationLandscapeLeft UIInterfaceOrientationLandscapeRight";
				LD_RUNPATH_SEARCH_PATHS = (
					"$(inherited)",
					"@executable_path/Frameworks",
				);
				MARKETING_VERSION = 1.0;
				PRODUCT_BUNDLE_IDENTIFIER = "com.prince.app.SwifUI-UIKit-SwiftUI";
				PRODUCT_NAME = "$(TARGET_NAME)";
				SWIFT_EMIT_LOC_STRINGS = YES;
				SWIFT_VERSION = 5.0;
				TARGETED_DEVICE_FAMILY = "1,2";
			};
			name = Debug;
		};
		F40CA0CE2C68BDF7007AC0F8 /* Release */ = {
			isa = XCBuildConfiguration;
			buildSettings = {
				ASSETCATALOG_COMPILER_APPICON_NAME = AppIcon;
				ASSETCATALOG_COMPILER_GLOBAL_ACCENT_COLOR_NAME = AccentColor;
				CODE_SIGN_STYLE = Automatic;
				CURRENT_PROJECT_VERSION = 1;
				DEVELOPMENT_ASSET_PATHS = "\"SwifUI-UIKit-SwiftUI/Preview Content\"";
				DEVELOPMENT_TEAM = JQLQ3HJM6D;
				ENABLE_PREVIEWS = YES;
				GENERATE_INFOPLIST_FILE = YES;
				INFOPLIST_KEY_UIApplicationSceneManifest_Generation = YES;
				INFOPLIST_KEY_UIApplicationSupportsIndirectInputEvents = YES;
				INFOPLIST_KEY_UILaunchScreen_Generation = YES;
				INFOPLIST_KEY_UISupportedInterfaceOrientations_iPad = "UIInterfaceOrientationPortrait UIInterfaceOrientationPortraitUpsideDown UIInterfaceOrientationLandscapeLeft UIInterfaceOrientationLandscapeRight";
				INFOPLIST_KEY_UISupportedInterfaceOrientations_iPhone = "UIInterfaceOrientationPortrait UIInterfaceOrientationLandscapeLeft UIInterfaceOrientationLandscapeRight";
				LD_RUNPATH_SEARCH_PATHS = (
					"$(inherited)",
					"@executable_path/Frameworks",
				);
				MARKETING_VERSION = 1.0;
				PRODUCT_BUNDLE_IDENTIFIER = "com.prince.app.SwifUI-UIKit-SwiftUI";
				PRODUCT_NAME = "$(TARGET_NAME)";
				SWIFT_EMIT_LOC_STRINGS = YES;
				SWIFT_VERSION = 5.0;
				TARGETED_DEVICE_FAMILY = "1,2";
			};
			name = Release;
		};
/* End XCBuildConfiguration section */

/* Begin XCConfigurationList section */
		F40CA0B92C68BDF5007AC0F8 /* Build configuration list for PBXProject "SwifUI-UIKit-SwiftUI" */ = {
			isa = XCConfigurationList;
			buildConfigurations = (
				F40CA0CA2C68BDF7007AC0F8 /* Debug */,
				F40CA0CB2C68BDF7007AC0F8 /* Release */,
			);
			defaultConfigurationIsVisible = 0;
			defaultConfigurationName = Release;
		};
		F40CA0CC2C68BDF7007AC0F8 /* Build configuration list for PBXNativeTarget "SwifUI-UIKit-SwiftUI" */ = {
			isa = XCConfigurationList;
			buildConfigurations = (
				F40CA0CD2C68BDF7007AC0F8 /* Debug */,
				F40CA0CE2C68BDF7007AC0F8 /* Release */,
			);
			defaultConfigurationIsVisible = 0;
			defaultConfigurationName = Release;
		};
/* End XCConfigurationList section */
	};
	rootObject = F40CA0B62C68BDF5007AC0F8 /* Project object */;
}
