// !$*UTF8*$!
{
	archiveVersion = 1;
	classes = {
	};
	objectVersion = 56;
	objects = {

/* Begin PBXBuildFile section */
		732ADDAE2BE7F5E30063D413 /* DailyTodosApp.swift in Sources */ = {isa = PBXBuildFile; fileRef = 732ADDAD2BE7F5E30063D413 /* DailyTodosApp.swift */; };
		732ADDB02BE7F5E30063D413 /* GenerateTodosView.swift in Sources */ = {isa = PBXBuildFile; fileRef = 732ADDAF2BE7F5E30063D413 /* GenerateTodosView.swift */; };
		732ADDB22BE7F5E60063D413 /* Assets.xcassets in Resources */ = {isa = PBXBuildFile; fileRef = 732ADDB12BE7F5E60063D413 /* Assets.xcassets */; };
		732ADDB52BE7F5E60063D413 /* Preview Assets.xcassets in Resources */ = {isa = PBXBuildFile; fileRef = 732ADDB42BE7F5E60063D413 /* Preview Assets.xcassets */; };
		732ADDBE2BE7F76F0063D413 /* TodoItemModel.swift in Sources */ = {isa = PBXBuildFile; fileRef = 732ADDBD2BE7F76F0063D413 /* TodoItemModel.swift */; };
		732ADDC02BE7F8080063D413 /* TodosListView.swift in Sources */ = {isa = PBXBuildFile; fileRef = 732ADDBF2BE7F8080063D413 /* TodosListView.swift */; };
		732ADDC22BE800450063D413 /* UpdateTodosView.swift in Sources */ = {isa = PBXBuildFile; fileRef = 732ADDC12BE800450063D413 /* UpdateTodosView.swift */; };
		732ADDCA2BE8F9900063D413 /* GenerateCategoryView.swift in Sources */ = {isa = PBXBuildFile; fileRef = 732ADDC92BE8F9900063D413 /* GenerateCategoryView.swift */; };
		732ADDCE2BEA3F1F0063D413 /* SwiftDataContainer.swift in Sources */ = {isa = PBXBuildFile; fileRef = 732ADDCD2BEA3F1F0063D413 /* SwiftDataContainer.swift */; };
/* End PBXBuildFile section */

/* Begin PBXFileReference section */
		732ADDAA2BE7F5E30063D413 /* DailyTodos.app */ = {isa = PBXFileReference; explicitFileType = wrapper.application; includeInIndex = 0; path = DailyTodos.app; sourceTree = BUILT_PRODUCTS_DIR; };
		732ADDAD2BE7F5E30063D413 /* DailyTodosApp.swift */ = {isa = PBXFileReference; lastKnownFileType = sourcecode.swift; path = DailyTodosApp.swift; sourceTree = "<group>"; };
		732ADDAF2BE7F5E30063D413 /* GenerateTodosView.swift */ = {isa = PBXFileReference; lastKnownFileType = sourcecode.swift; path = GenerateTodosView.swift; sourceTree = "<group>"; };
		732ADDB12BE7F5E60063D413 /* Assets.xcassets */ = {isa = PBXFileReference; lastKnownFileType = folder.assetcatalog; path = Assets.xcassets; sourceTree = "<group>"; };
		732ADDB42BE7F5E60063D413 /* Preview Assets.xcassets */ = {isa = PBXFileReference; lastKnownFileType = folder.assetcatalog; path = "Preview Assets.xcassets"; sourceTree = "<group>"; };
		732ADDBD2BE7F76F0063D413 /* TodoItemModel.swift */ = {isa = PBXFileReference; lastKnownFileType = sourcecode.swift; path = TodoItemModel.swift; sourceTree = "<group>"; };
		732ADDBF2BE7F8080063D413 /* TodosListView.swift */ = {isa = PBXFileReference; lastKnownFileType = sourcecode.swift; path = TodosListView.swift; sourceTree = "<group>"; };
		732ADDC12BE800450063D413 /* UpdateTodosView.swift */ = {isa = PBXFileReference; lastKnownFileType = sourcecode.swift; path = UpdateTodosView.swift; sourceTree = "<group>"; };
		732ADDC92BE8F9900063D413 /* GenerateCategoryView.swift */ = {isa = PBXFileReference; lastKnownFileType = sourcecode.swift; path = GenerateCategoryView.swift; sourceTree = "<group>"; };
		732ADDCD2BEA3F1F0063D413 /* SwiftDataContainer.swift */ = {isa = PBXFileReference; lastKnownFileType = sourcecode.swift; path = SwiftDataContainer.swift; sourceTree = "<group>"; };
/* End PBXFileReference section */

/* Begin PBXFrameworksBuildPhase section */
		732ADDA72BE7F5E30063D413 /* Frameworks */ = {
			isa = PBXFrameworksBuildPhase;
			buildActionMask = 2147483647;
			files = (
			);
			runOnlyForDeploymentPostprocessing = 0;
		};
/* End PBXFrameworksBuildPhase section */

/* Begin PBXGroup section */
		732ADDA12BE7F5E30063D413 = {
			isa = PBXGroup;
			children = (
				732ADDAC2BE7F5E30063D413 /* DailyTodos */,
				732ADDAB2BE7F5E30063D413 /* Products */,
			);
			sourceTree = "<group>";
		};
		732ADDAB2BE7F5E30063D413 /* Products */ = {
			isa = PBXGroup;
			children = (
				732ADDAA2BE7F5E30063D413 /* DailyTodos.app */,
			);
			name = Products;
			sourceTree = "<group>";
		};
		732ADDAC2BE7F5E30063D413 /* DailyTodos */ = {
			isa = PBXGroup;
			children = (
				732ADDAD2BE7F5E30063D413 /* DailyTodosApp.swift */,
				732ADDBC2BE7F7350063D413 /* Model */,
				732ADDBB2BE7F7210063D413 /* View */,
				732ADDB12BE7F5E60063D413 /* Assets.xcassets */,
				732ADDB32BE7F5E60063D413 /* Preview Content */,
				732ADDCD2BEA3F1F0063D413 /* SwiftDataContainer.swift */,
			);
			path = DailyTodos;
			sourceTree = "<group>";
		};
		732ADDB32BE7F5E60063D413 /* Preview Content */ = {
			isa = PBXGroup;
			children = (
				732ADDB42BE7F5E60063D413 /* Preview Assets.xcassets */,
			);
			path = "Preview Content";
			sourceTree = "<group>";
		};
		732ADDBB2BE7F7210063D413 /* View */ = {
			isa = PBXGroup;
			children = (
				732ADDAF2BE7F5E30063D413 /* GenerateTodosView.swift */,
				732ADDC92BE8F9900063D413 /* GenerateCategoryView.swift */,
				732ADDC12BE800450063D413 /* UpdateTodosView.swift */,
				732ADDBF2BE7F8080063D413 /* TodosListView.swift */,
			);
			path = View;
			sourceTree = "<group>";
		};
		732ADDBC2BE7F7350063D413 /* Model */ = {
			isa = PBXGroup;
			children = (
				732ADDBD2BE7F76F0063D413 /* TodoItemModel.swift */,
			);
			path = Model;
			sourceTree = "<group>";
		};
/* End PBXGroup section */

/* Begin PBXNativeTarget section */
		732ADDA92BE7F5E30063D413 /* DailyTodos */ = {
			isa = PBXNativeTarget;
			buildConfigurationList = 732ADDB82BE7F5E60063D413 /* Build configuration list for PBXNativeTarget "DailyTodos" */;
			buildPhases = (
				732ADDA62BE7F5E30063D413 /* Sources */,
				732ADDA72BE7F5E30063D413 /* Frameworks */,
				732ADDA82BE7F5E30063D413 /* Resources */,
			);
			buildRules = (
			);
			dependencies = (
			);
			name = DailyTodos;
			productName = DailyTodos;
			productReference = 732ADDAA2BE7F5E30063D413 /* DailyTodos.app */;
			productType = "com.apple.product-type.application";
		};
/* End PBXNativeTarget section */

/* Begin PBXProject section */
		732ADDA22BE7F5E30063D413 /* Project object */ = {
			isa = PBXProject;
			attributes = {
				BuildIndependentTargetsInParallel = 1;
				LastSwiftUpdateCheck = 1500;
				LastUpgradeCheck = 1500;
				TargetAttributes = {
					732ADDA92BE7F5E30063D413 = {
						CreatedOnToolsVersion = 15.0;
					};
				};
			};
			buildConfigurationList = 732ADDA52BE7F5E30063D413 /* Build configuration list for PBXProject "DailyTodos" */;
			compatibilityVersion = "Xcode 14.0";
			developmentRegion = en;
			hasScannedForEncodings = 0;
			knownRegions = (
				en,
				Base,
			);
			mainGroup = 732ADDA12BE7F5E30063D413;
			productRefGroup = 732ADDAB2BE7F5E30063D413 /* Products */;
			projectDirPath = "";
			projectRoot = "";
			targets = (
				732ADDA92BE7F5E30063D413 /* DailyTodos */,
			);
		};
/* End PBXProject section */

/* Begin PBXResourcesBuildPhase section */
		732ADDA82BE7F5E30063D413 /* Resources */ = {
			isa = PBXResourcesBuildPhase;
			buildActionMask = 2147483647;
			files = (
				732ADDB52BE7F5E60063D413 /* Preview Assets.xcassets in Resources */,
				732ADDB22BE7F5E60063D413 /* Assets.xcassets in Resources */,
			);
			runOnlyForDeploymentPostprocessing = 0;
		};
/* End PBXResourcesBuildPhase section */

/* Begin PBXSourcesBuildPhase section */
		732ADDA62BE7F5E30063D413 /* Sources */ = {
			isa = PBXSourcesBuildPhase;
			buildActionMask = 2147483647;
			files = (
				732ADDC22BE800450063D413 /* UpdateTodosView.swift in Sources */,
				732ADDCA2BE8F9900063D413 /* GenerateCategoryView.swift in Sources */,
				732ADDB02BE7F5E30063D413 /* GenerateTodosView.swift in Sources */,
				732ADDAE2BE7F5E30063D413 /* DailyTodosApp.swift in Sources */,
				732ADDC02BE7F8080063D413 /* TodosListView.swift in Sources */,
				732ADDCE2BEA3F1F0063D413 /* SwiftDataContainer.swift in Sources */,
				732ADDBE2BE7F76F0063D413 /* TodoItemModel.swift in Sources */,
			);
			runOnlyForDeploymentPostprocessing = 0;
		};
/* End PBXSourcesBuildPhase section */

/* Begin XCBuildConfiguration section */
		732ADDB62BE7F5E60063D413 /* Debug */ = {
			isa = XCBuildConfiguration;
			buildSettings = {
				ALWAYS_SEARCH_USER_PATHS = NO;
				ASSETCATALOG_COMPILER_GENERATE_SWIFT_ASSET_SYMBOL_EXTENSIONS = YES;
				CLANG_ANALYZER_NONNULL = YES;
				CLANG_ANALYZER_NUMBER_OBJECT_CONVERSION = YES_AGGRESSIVE;
				CLANG_CXX_LANGUAGE_STANDARD = "gnu++20";
				CLANG_ENABLE_MODULES = YES;
				CLANG_ENABLE_OBJC_ARC = YES;
				CLANG_ENABLE_OBJC_WEAK = YES;
				CLANG_WARN_BLOCK_CAPTURE_AUTORELEASING = YES;
				CLANG_WARN_BOOL_CONVERSION = YES;
				CLANG_WARN_COMMA = YES;
				CLANG_WARN_CONSTANT_CONVERSION = YES;
				CLANG_WARN_DEPRECATED_OBJC_IMPLEMENTATIONS = YES;
				CLANG_WARN_DIRECT_OBJC_ISA_USAGE = YES_ERROR;
				CLANG_WARN_DOCUMENTATION_COMMENTS = YES;
				CLANG_WARN_EMPTY_BODY = YES;
				CLANG_WARN_ENUM_CONVERSION = YES;
				CLANG_WARN_INFINITE_RECURSION = YES;
				CLANG_WARN_INT_CONVERSION = YES;
				CLANG_WARN_NON_LITERAL_NULL_CONVERSION = YES;
				CLANG_WARN_OBJC_IMPLICIT_RETAIN_SELF = YES;
				CLANG_WARN_OBJC_LITERAL_CONVERSION = YES;
				CLANG_WARN_OBJC_ROOT_CLASS = YES_ERROR;
				CLANG_WARN_QUOTED_INCLUDE_IN_FRAMEWORK_HEADER = YES;
				CLANG_WARN_RANGE_LOOP_ANALYSIS = YES;
				CLANG_WARN_STRICT_PROTOTYPES = YES;
				CLANG_WARN_SUSPICIOUS_MOVE = YES;
				CLANG_WARN_UNGUARDED_AVAILABILITY = YES_AGGRESSIVE;
				CLANG_WARN_UNREACHABLE_CODE = YES;
				CLANG_WARN__DUPLICATE_METHOD_MATCH = YES;
				COPY_PHASE_STRIP = NO;
				DEBUG_INFORMATION_FORMAT = dwarf;
				ENABLE_STRICT_OBJC_MSGSEND = YES;
				ENABLE_TESTABILITY = YES;
				ENABLE_USER_SCRIPT_SANDBOXING = YES;
				GCC_C_LANGUAGE_STANDARD = gnu17;
				GCC_DYNAMIC_NO_PIC = NO;
				GCC_NO_COMMON_BLOCKS = YES;
				GCC_OPTIMIZATION_LEVEL = 0;
				GCC_PREPROCESSOR_DEFINITIONS = (
					"DEBUG=1",
					"$(inherited)",
				);
				GCC_WARN_64_TO_32_BIT_CONVERSION = YES;
				GCC_WARN_ABOUT_RETURN_TYPE = YES_ERROR;
				GCC_WARN_UNDECLARED_SELECTOR = YES;
				GCC_WARN_UNINITIALIZED_AUTOS = YES_AGGRESSIVE;
				GCC_WARN_UNUSED_FUNCTION = YES;
				GCC_WARN_UNUSED_VARIABLE = YES;
				IPHONEOS_DEPLOYMENT_TARGET = 17.0;
				LOCALIZATION_PREFERS_STRING_CATALOGS = YES;
				MTL_ENABLE_DEBUG_INFO = INCLUDE_SOURCE;
				MTL_FAST_MATH = YES;
				ONLY_ACTIVE_ARCH = YES;
				SDKROOT = iphoneos;
				SWIFT_ACTIVE_COMPILATION_CONDITIONS = "DEBUG $(inherited)";
				SWIFT_OPTIMIZATION_LEVEL = "-Onone";
			};
			name = Debug;
		};
		732ADDB72BE7F5E60063D413 /* Release */ = {
			isa = XCBuildConfiguration;
			buildSettings = {
				ALWAYS_SEARCH_USER_PATHS = NO;
				ASSETCATALOG_COMPILER_GENERATE_SWIFT_ASSET_SYMBOL_EXTENSIONS = YES;
				CLANG_ANALYZER_NONNULL = YES;
				CLANG_ANALYZER_NUMBER_OBJECT_CONVERSION = YES_AGGRESSIVE;
				CLANG_CXX_LANGUAGE_STANDARD = "gnu++20";
				CLANG_ENABLE_MODULES = YES;
				CLANG_ENABLE_OBJC_ARC = YES;
				CLANG_ENABLE_OBJC_WEAK = YES;
				CLANG_WARN_BLOCK_CAPTURE_AUTORELEASING = YES;
				CLANG_WARN_BOOL_CONVERSION = YES;
				CLANG_WARN_COMMA = YES;
				CLANG_WARN_CONSTANT_CONVERSION = YES;
				CLANG_WARN_DEPRECATED_OBJC_IMPLEMENTATIONS = YES;
				CLANG_WARN_DIRECT_OBJC_ISA_USAGE = YES_ERROR;
				CLANG_WARN_DOCUMENTATION_COMMENTS = YES;
				CLANG_WARN_EMPTY_BODY = YES;
				CLANG_WARN_ENUM_CONVERSION = YES;
				CLANG_WARN_INFINITE_RECURSION = YES;
				CLANG_WARN_INT_CONVERSION = YES;
				CLANG_WARN_NON_LITERAL_NULL_CONVERSION = YES;
				CLANG_WARN_OBJC_IMPLICIT_RETAIN_SELF = YES;
				CLANG_WARN_OBJC_LITERAL_CONVERSION = YES;
				CLANG_WARN_OBJC_ROOT_CLASS = YES_ERROR;
				CLANG_WARN_QUOTED_INCLUDE_IN_FRAMEWORK_HEADER = YES;
				CLANG_WARN_RANGE_LOOP_ANALYSIS = YES;
				CLANG_WARN_STRICT_PROTOTYPES = YES;
				CLANG_WARN_SUSPICIOUS_MOVE = YES;
				CLANG_WARN_UNGUARDED_AVAILABILITY = YES_AGGRESSIVE;
				CLANG_WARN_UNREACHABLE_CODE = YES;
				CLANG_WARN__DUPLICATE_METHOD_MATCH = YES;
				COPY_PHASE_STRIP = NO;
				DEBUG_INFORMATION_FORMAT = "dwarf-with-dsym";
				ENABLE_NS_ASSERTIONS = NO;
				ENABLE_STRICT_OBJC_MSGSEND = YES;
				ENABLE_USER_SCRIPT_SANDBOXING = YES;
				GCC_C_LANGUAGE_STANDARD = gnu17;
				GCC_NO_COMMON_BLOCKS = YES;
				GCC_WARN_64_TO_32_BIT_CONVERSION = YES;
				GCC_WARN_ABOUT_RETURN_TYPE = YES_ERROR;
				GCC_WARN_UNDECLARED_SELECTOR = YES;
				GCC_WARN_UNINITIALIZED_AUTOS = YES_AGGRESSIVE;
				GCC_WARN_UNUSED_FUNCTION = YES;
				GCC_WARN_UNUSED_VARIABLE = YES;
				IPHONEOS_DEPLOYMENT_TARGET = 17.0;
				LOCALIZATION_PREFERS_STRING_CATALOGS = YES;
				MTL_ENABLE_DEBUG_INFO = NO;
				MTL_FAST_MATH = YES;
				SDKROOT = iphoneos;
				SWIFT_COMPILATION_MODE = wholemodule;
				VALIDATE_PRODUCT = YES;
			};
			name = Release;
		};
		732ADDB92BE7F5E60063D413 /* Debug */ = {
			isa = XCBuildConfiguration;
			buildSettings = {
				ASSETCATALOG_COMPILER_APPICON_NAME = AppIcon;
				ASSETCATALOG_COMPILER_GLOBAL_ACCENT_COLOR_NAME = AccentColor;
				CODE_SIGN_STYLE = Automatic;
				CURRENT_PROJECT_VERSION = 1;
				DEVELOPMENT_ASSET_PATHS = "\"DailyTodos/Preview Content\"";
				DEVELOPMENT_TEAM = JQLQ3HJM6D;
				ENABLE_PREVIEWS = YES;
				GENERATE_INFOPLIST_FILE = YES;
				INFOPLIST_KEY_UIApplicationSceneManifest_Generation = YES;
				INFOPLIST_KEY_UIApplicationSupportsIndirectInputEvents = YES;
				INFOPLIST_KEY_UILaunchScreen_Generation = YES;
				INFOPLIST_KEY_UISupportedInterfaceOrientations_iPad = "UIInterfaceOrientationPortrait UIInterfaceOrientationPortraitUpsideDown UIInterfaceOrientationLandscapeLeft UIInterfaceOrientationLandscapeRight";
				INFOPLIST_KEY_UISupportedInterfaceOrientations_iPhone = "UIInterfaceOrientationPortrait UIInterfaceOrientationLandscapeLeft UIInterfaceOrientationLandscapeRight";
				LD_RUNPATH_SEARCH_PATHS = (
					"$(inherited)",
					"@executable_path/Frameworks",
				);
				MARKETING_VERSION = 1.0;
				PRODUCT_BUNDLE_IDENTIFIER = DailyTodos.DailyTodos;
				PRODUCT_NAME = "$(TARGET_NAME)";
				SWIFT_EMIT_LOC_STRINGS = YES;
				SWIFT_VERSION = 5.0;
				TARGETED_DEVICE_FAMILY = "1,2";
			};
			name = Debug;
		};
		732ADDBA2BE7F5E60063D413 /* Release */ = {
			isa = XCBuildConfiguration;
			buildSettings = {
				ASSETCATALOG_COMPILER_APPICON_NAME = AppIcon;
				ASSETCATALOG_COMPILER_GLOBAL_ACCENT_COLOR_NAME = AccentColor;
				CODE_SIGN_STYLE = Automatic;
				CURRENT_PROJECT_VERSION = 1;
				DEVELOPMENT_ASSET_PATHS = "\"DailyTodos/Preview Content\"";
				DEVELOPMENT_TEAM = JQLQ3HJM6D;
				ENABLE_PREVIEWS = YES;
				GENERATE_INFOPLIST_FILE = YES;
				INFOPLIST_KEY_UIApplicationSceneManifest_Generation = YES;
				INFOPLIST_KEY_UIApplicationSupportsIndirectInputEvents = YES;
				INFOPLIST_KEY_UILaunchScreen_Generation = YES;
				INFOPLIST_KEY_UISupportedInterfaceOrientations_iPad = "UIInterfaceOrientationPortrait UIInterfaceOrientationPortraitUpsideDown UIInterfaceOrientationLandscapeLeft UIInterfaceOrientationLandscapeRight";
				INFOPLIST_KEY_UISupportedInterfaceOrientations_iPhone = "UIInterfaceOrientationPortrait UIInterfaceOrientationLandscapeLeft UIInterfaceOrientationLandscapeRight";
				LD_RUNPATH_SEARCH_PATHS = (
					"$(inherited)",
					"@executable_path/Frameworks",
				);
				MARKETING_VERSION = 1.0;
				PRODUCT_BUNDLE_IDENTIFIER = DailyTodos.DailyTodos;
				PRODUCT_NAME = "$(TARGET_NAME)";
				SWIFT_EMIT_LOC_STRINGS = YES;
				SWIFT_VERSION = 5.0;
				TARGETED_DEVICE_FAMILY = "1,2";
			};
			name = Release;
		};
/* End XCBuildConfiguration section */

/* Begin XCConfigurationList section */
		732ADDA52BE7F5E30063D413 /* Build configuration list for PBXProject "DailyTodos" */ = {
			isa = XCConfigurationList;
			buildConfigurations = (
				732ADDB62BE7F5E60063D413 /* Debug */,
				732ADDB72BE7F5E60063D413 /* Release */,
			);
			defaultConfigurationIsVisible = 0;
			defaultConfigurationName = Release;
		};
		732ADDB82BE7F5E60063D413 /* Build configuration list for PBXNativeTarget "DailyTodos" */ = {
			isa = XCConfigurationList;
			buildConfigurations = (
				732ADDB92BE7F5E60063D413 /* Debug */,
				732ADDBA2BE7F5E60063D413 /* Release */,
			);
			defaultConfigurationIsVisible = 0;
			defaultConfigurationName = Release;
		};
/* End XCConfigurationList section */
	};
	rootObject = 732ADDA22BE7F5E30063D413 /* Project object */;
}
